// !$*UTF8*$!
{
	archiveVersion = 1;
	classes = {
	};
	objectVersion = 50;
	objects = {

/* Begin PBXBuildFile section */
		8AD1E1E82526D1C5004C52AD /* AppDelegate.swift in Sources */ = {isa = PBXBuildFile; fileRef = 8AD1E1E72526D1C5004C52AD /* AppDelegate.swift */; };
		8AD1E1EA2526D1C5004C52AD /* SceneDelegate.swift in Sources */ = {isa = PBXBuildFile; fileRef = 8AD1E1E92526D1C5004C52AD /* SceneDelegate.swift */; };
		8AD1E1EC2526D1C5004C52AD /* ViewController.swift in Sources */ = {isa = PBXBuildFile; fileRef = 8AD1E1EB2526D1C5004C52AD /* ViewController.swift */; };
		8AD1E1EF2526D1C5004C52AD /* Main.storyboard in Resources */ = {isa = PBXBuildFile; fileRef = 8AD1E1ED2526D1C5004C52AD /* Main.storyboard */; };
		8AD1E1F12526D1CA004C52AD /* Assets.xcassets in Resources */ = {isa = PBXBuildFile; fileRef = 8AD1E1F02526D1CA004C52AD /* Assets.xcassets */; };
		8AD1E1F42526D1CA004C52AD /* LaunchScreen.storyboard in Resources */ = {isa = PBXBuildFile; fileRef = 8AD1E1F22526D1CA004C52AD /* LaunchScreen.storyboard */; };
		8AD1E1FF2526D1CB004C52AD /* ParstagramTests.swift in Sources */ = {isa = PBXBuildFile; fileRef = 8AD1E1FE2526D1CB004C52AD /* ParstagramTests.swift */; };
		8AD1E20A2526D1CB004C52AD /* ParstagramUITests.swift in Sources */ = {isa = PBXBuildFile; fileRef = 8AD1E2092526D1CB004C52AD /* ParstagramUITests.swift */; };
/* End PBXBuildFile section */

/* Begin PBXContainerItemProxy section */
		8AD1E1FB2526D1CB004C52AD /* PBXContainerItemProxy */ = {
			isa = PBXContainerItemProxy;
			containerPortal = 8AD1E1DC2526D1C5004C52AD /* Project object */;
			proxyType = 1;
			remoteGlobalIDString = 8AD1E1E32526D1C5004C52AD;
			remoteInfo = Parstagram;
		};
		8AD1E2062526D1CB004C52AD /* PBXContainerItemProxy */ = {
			isa = PBXContainerItemProxy;
			containerPortal = 8AD1E1DC2526D1C5004C52AD /* Project object */;
			proxyType = 1;
			remoteGlobalIDString = 8AD1E1E32526D1C5004C52AD;
			remoteInfo = Parstagram;
		};
/* End PBXContainerItemProxy section */

/* Begin PBXFileReference section */
		8AD1E1E42526D1C5004C52AD /* Parstagram.app */ = {isa = PBXFileReference; explicitFileType = wrapper.application; includeInIndex = 0; path = Parstagram.app; sourceTree = BUILT_PRODUCTS_DIR; };
		8AD1E1E72526D1C5004C52AD /* AppDelegate.swift */ = {isa = PBXFileReference; lastKnownFileType = sourcecode.swift; path = AppDelegate.swift; sourceTree = "<group>"; };
		8AD1E1E92526D1C5004C52AD /* SceneDelegate.swift */ = {isa = PBXFileReference; lastKnownFileType = sourcecode.swift; path = SceneDelegate.swift; sourceTree = "<group>"; };
		8AD1E1EB2526D1C5004C52AD /* ViewController.swift */ = {isa = PBXFileReference; lastKnownFileType = sourcecode.swift; path = ViewController.swift; sourceTree = "<group>"; };
		8AD1E1EE2526D1C5004C52AD /* Base */ = {isa = PBXFileReference; lastKnownFileType = file.storyboard; name = Base; path = Base.lproj/Main.storyboard; sourceTree = "<group>"; };
		8AD1E1F02526D1CA004C52AD /* Assets.xcassets */ = {isa = PBXFileReference; lastKnownFileType = folder.assetcatalog; path = Assets.xcassets; sourceTree = "<group>"; };
		8AD1E1F32526D1CA004C52AD /* Base */ = {isa = PBXFileReference; lastKnownFileType = file.storyboard; name = Base; path = Base.lproj/LaunchScreen.storyboard; sourceTree = "<group>"; };
		8AD1E1F52526D1CA004C52AD /* Info.plist */ = {isa = PBXFileReference; lastKnownFileType = text.plist.xml; path = Info.plist; sourceTree = "<group>"; };
		8AD1E1FA2526D1CB004C52AD /* ParstagramTests.xctest */ = {isa = PBXFileReference; explicitFileType = wrapper.cfbundle; includeInIndex = 0; path = ParstagramTests.xctest; sourceTree = BUILT_PRODUCTS_DIR; };
		8AD1E1FE2526D1CB004C52AD /* ParstagramTests.swift */ = {isa = PBXFileReference; lastKnownFileType = sourcecode.swift; path = ParstagramTests.swift; sourceTree = "<group>"; };
		8AD1E2002526D1CB004C52AD /* Info.plist */ = {isa = PBXFileReference; lastKnownFileType = text.plist.xml; path = Info.plist; sourceTree = "<group>"; };
		8AD1E2052526D1CB004C52AD /* ParstagramUITests.xctest */ = {isa = PBXFileReference; explicitFileType = wrapper.cfbundle; includeInIndex = 0; path = ParstagramUITests.xctest; sourceTree = BUILT_PRODUCTS_DIR; };
		8AD1E2092526D1CB004C52AD /* ParstagramUITests.swift */ = {isa = PBXFileReference; lastKnownFileType = sourcecode.swift; path = ParstagramUITests.swift; sourceTree = "<group>"; };
		8AD1E20B2526D1CB004C52AD /* Info.plist */ = {isa = PBXFileReference; lastKnownFileType = text.plist.xml; path = Info.plist; sourceTree = "<group>"; };
/* End PBXFileReference section */

/* Begin PBXFrameworksBuildPhase section */
		8AD1E1E12526D1C5004C52AD /* Frameworks */ = {
			isa = PBXFrameworksBuildPhase;
			buildActionMask = 2147483647;
			files = (
			);
			runOnlyForDeploymentPostprocessing = 0;
		};
		8AD1E1F72526D1CB004C52AD /* Frameworks */ = {
			isa = PBXFrameworksBuildPhase;
			buildActionMask = 2147483647;
			files = (
			);
			runOnlyForDeploymentPostprocessing = 0;
		};
		8AD1E2022526D1CB004C52AD /* Frameworks */ = {
			isa = PBXFrameworksBuildPhase;
			buildActionMask = 2147483647;
			files = (
			);
			runOnlyForDeploymentPostprocessing = 0;
		};
/* End PBXFrameworksBuildPhase section */

/* Begin PBXGroup section */
		8AD1E1DB2526D1C5004C52AD = {
			isa = PBXGroup;
			children = (
				8AD1E1E62526D1C5004C52AD /* Parstagram */,
				8AD1E1FD2526D1CB004C52AD /* ParstagramTests */,
				8AD1E2082526D1CB004C52AD /* ParstagramUITests */,
				8AD1E1E52526D1C5004C52AD /* Products */,
			);
			sourceTree = "<group>";
		};
		8AD1E1E52526D1C5004C52AD /* Products */ = {
			isa = PBXGroup;
			children = (
				8AD1E1E42526D1C5004C52AD /* Parstagram.app */,
				8AD1E1FA2526D1CB004C52AD /* ParstagramTests.xctest */,
				8AD1E2052526D1CB004C52AD /* ParstagramUITests.xctest */,
			);
			name = Products;
			sourceTree = "<group>";
		};
		8AD1E1E62526D1C5004C52AD /* Parstagram */ = {
			isa = PBXGroup;
			children = (
				8AD1E1E72526D1C5004C52AD /* AppDelegate.swift */,
				8AD1E1E92526D1C5004C52AD /* SceneDelegate.swift */,
				8AD1E1EB2526D1C5004C52AD /* ViewController.swift */,
				8AD1E1ED2526D1C5004C52AD /* Main.storyboard */,
				8AD1E1F02526D1CA004C52AD /* Assets.xcassets */,
				8AD1E1F22526D1CA004C52AD /* LaunchScreen.storyboard */,
				8AD1E1F52526D1CA004C52AD /* Info.plist */,
			);
			path = Parstagram;
			sourceTree = "<group>";
		};
		8AD1E1FD2526D1CB004C52AD /* ParstagramTests */ = {
			isa = PBXGroup;
			children = (
				8AD1E1FE2526D1CB004C52AD /* ParstagramTests.swift */,
				8AD1E2002526D1CB004C52AD /* Info.plist */,
			);
			path = ParstagramTests;
			sourceTree = "<group>";
		};
		8AD1E2082526D1CB004C52AD /* ParstagramUITests */ = {
			isa = PBXGroup;
			children = (
				8AD1E2092526D1CB004C52AD /* ParstagramUITests.swift */,
				8AD1E20B2526D1CB004C52AD /* Info.plist */,
			);
			path = ParstagramUITests;
			sourceTree = "<group>";
		};
/* End PBXGroup section */

/* Begin PBXNativeTarget section */
		8AD1E1E32526D1C5004C52AD /* Parstagram */ = {
			isa = PBXNativeTarget;
			buildConfigurationList = 8AD1E20E2526D1CB004C52AD /* Build configuration list for PBXNativeTarget "Parstagram" */;
			buildPhases = (
				8AD1E1E02526D1C5004C52AD /* Sources */,
				8AD1E1E12526D1C5004C52AD /* Frameworks */,
				8AD1E1E22526D1C5004C52AD /* Resources */,
			);
			buildRules = (
			);
			dependencies = (
			);
			name = Parstagram;
			productName = Parstagram;
			productReference = 8AD1E1E42526D1C5004C52AD /* Parstagram.app */;
			productType = "com.apple.product-type.application";
		};
		8AD1E1F92526D1CB004C52AD /* ParstagramTests */ = {
			isa = PBXNativeTarget;
			buildConfigurationList = 8AD1E2112526D1CB004C52AD /* Build configuration list for PBXNativeTarget "ParstagramTests" */;
			buildPhases = (
				8AD1E1F62526D1CB004C52AD /* Sources */,
				8AD1E1F72526D1CB004C52AD /* Frameworks */,
				8AD1E1F82526D1CB004C52AD /* Resources */,
			);
			buildRules = (
			);
			dependencies = (
				8AD1E1FC2526D1CB004C52AD /* PBXTargetDependency */,
			);
			name = ParstagramTests;
			productName = ParstagramTests;
			productReference = 8AD1E1FA2526D1CB004C52AD /* ParstagramTests.xctest */;
			productType = "com.apple.product-type.bundle.unit-test";
		};
		8AD1E2042526D1CB004C52AD /* ParstagramUITests */ = {
			isa = PBXNativeTarget;
			buildConfigurationList = 8AD1E2142526D1CB004C52AD /* Build configuration list for PBXNativeTarget "ParstagramUITests" */;
			buildPhases = (
				8AD1E2012526D1CB004C52AD /* Sources */,
				8AD1E2022526D1CB004C52AD /* Frameworks */,
				8AD1E2032526D1CB004C52AD /* Resources */,
			);
			buildRules = (
			);
			dependencies = (
				8AD1E2072526D1CB004C52AD /* PBXTargetDependency */,
			);
			name = ParstagramUITests;
			productName = ParstagramUITests;
			productReference = 8AD1E2052526D1CB004C52AD /* ParstagramUITests.xctest */;
			productType = "com.apple.product-type.bundle.ui-testing";
		};
/* End PBXNativeTarget section */

/* Begin PBXProject section */
		8AD1E1DC2526D1C5004C52AD /* Project object */ = {
			isa = PBXProject;
			attributes = {
				LastSwiftUpdateCheck = 1170;
				LastUpgradeCheck = 1170;
				ORGANIZATIONNAME = "Jonathan Wang";
				TargetAttributes = {
					8AD1E1E32526D1C5004C52AD = {
						CreatedOnToolsVersion = 11.7;
					};
					8AD1E1F92526D1CB004C52AD = {
						CreatedOnToolsVersion = 11.7;
						TestTargetID = 8AD1E1E32526D1C5004C52AD;
					};
					8AD1E2042526D1CB004C52AD = {
						CreatedOnToolsVersion = 11.7;
						TestTargetID = 8AD1E1E32526D1C5004C52AD;
					};
				};
			};
			buildConfigurationList = 8AD1E1DF2526D1C5004C52AD /* Build configuration list for PBXProject "Parstagram" */;
			compatibilityVersion = "Xcode 9.3";
			developmentRegion = en;
			hasScannedForEncodings = 0;
			knownRegions = (
				en,
				Base,
			);
			mainGroup = 8AD1E1DB2526D1C5004C52AD;
			productRefGroup = 8AD1E1E52526D1C5004C52AD /* Products */;
			projectDirPath = "";
			projectRoot = "";
			targets = (
				8AD1E1E32526D1C5004C52AD /* Parstagram */,
				8AD1E1F92526D1CB004C52AD /* ParstagramTests */,
				8AD1E2042526D1CB004C52AD /* ParstagramUITests */,
			);
		};
/* End PBXProject section */

/* Begin PBXResourcesBuildPhase section */
		8AD1E1E22526D1C5004C52AD /* Resources */ = {
			isa = PBXResourcesBuildPhase;
			buildActionMask = 2147483647;
			files = (
				8AD1E1F42526D1CA004C52AD /* LaunchScreen.storyboard in Resources */,
				8AD1E1F12526D1CA004C52AD /* Assets.xcassets in Resources */,
				8AD1E1EF2526D1C5004C52AD /* Main.storyboard in Resources */,
			);
			runOnlyForDeploymentPostprocessing = 0;
		};
		8AD1E1F82526D1CB004C52AD /* Resources */ = {
			isa = PBXResourcesBuildPhase;
			buildActionMask = 2147483647;
			files = (
			);
			runOnlyForDeploymentPostprocessing = 0;
		};
		8AD1E2032526D1CB004C52AD /* Resources */ = {
			isa = PBXResourcesBuildPhase;
			buildActionMask = 2147483647;
			files = (
			);
			runOnlyForDeploymentPostprocessing = 0;
		};
/* End PBXResourcesBuildPhase section */

/* Begin PBXSourcesBuildPhase section */
		8AD1E1E02526D1C5004C52AD /* Sources */ = {
			isa = PBXSourcesBuildPhase;
			buildActionMask = 2147483647;
			files = (
				8AD1E1EC2526D1C5004C52AD /* ViewController.swift in Sources */,
				8AD1E1E82526D1C5004C52AD /* AppDelegate.swift in Sources */,
				8AD1E1EA2526D1C5004C52AD /* SceneDelegate.swift in Sources */,
			);
			runOnlyForDeploymentPostprocessing = 0;
		};
		8AD1E1F62526D1CB004C52AD /* Sources */ = {
			isa = PBXSourcesBuildPhase;
			buildActionMask = 2147483647;
			files = (
				8AD1E1FF2526D1CB004C52AD /* ParstagramTests.swift in Sources */,
			);
			runOnlyForDeploymentPostprocessing = 0;
		};
		8AD1E2012526D1CB004C52AD /* Sources */ = {
			isa = PBXSourcesBuildPhase;
			buildActionMask = 2147483647;
			files = (
				8AD1E20A2526D1CB004C52AD /* ParstagramUITests.swift in Sources */,
			);
			runOnlyForDeploymentPostprocessing = 0;
		};
/* End PBXSourcesBuildPhase section */

/* Begin PBXTargetDependency section */
		8AD1E1FC2526D1CB004C52AD /* PBXTargetDependency */ = {
			isa = PBXTargetDependency;
			target = 8AD1E1E32526D1C5004C52AD /* Parstagram */;
			targetProxy = 8AD1E1FB2526D1CB004C52AD /* PBXContainerItemProxy */;
		};
		8AD1E2072526D1CB004C52AD /* PBXTargetDependency */ = {
			isa = PBXTargetDependency;
			target = 8AD1E1E32526D1C5004C52AD /* Parstagram */;
			targetProxy = 8AD1E2062526D1CB004C52AD /* PBXContainerItemProxy */;
		};
/* End PBXTargetDependency section */

/* Begin PBXVariantGroup section */
		8AD1E1ED2526D1C5004C52AD /* Main.storyboard */ = {
			isa = PBXVariantGroup;
			children = (
				8AD1E1EE2526D1C5004C52AD /* Base */,
			);
			name = Main.storyboard;
			sourceTree = "<group>";
		};
		8AD1E1F22526D1CA004C52AD /* LaunchScreen.storyboard */ = {
			isa = PBXVariantGroup;
			children = (
				8AD1E1F32526D1CA004C52AD /* Base */,
			);
			name = LaunchScreen.storyboard;
			sourceTree = "<group>";
		};
/* End PBXVariantGroup section */

/* Begin XCBuildConfiguration section */
		8AD1E20C2526D1CB004C52AD /* Debug */ = {
			isa = XCBuildConfiguration;
			buildSettings = {
				ALWAYS_SEARCH_USER_PATHS = NO;
				CLANG_ANALYZER_NONNULL = YES;
				CLANG_ANALYZER_NUMBER_OBJECT_CONVERSION = YES_AGGRESSIVE;
				CLANG_CXX_LANGUAGE_STANDARD = "gnu++14";
				CLANG_CXX_LIBRARY = "libc++";
				CLANG_ENABLE_MODULES = YES;
				CLANG_ENABLE_OBJC_ARC = YES;
				CLANG_ENABLE_OBJC_WEAK = YES;
				CLANG_WARN_BLOCK_CAPTURE_AUTORELEASING = YES;
				CLANG_WARN_BOOL_CONVERSION = YES;
				CLANG_WARN_COMMA = YES;
				CLANG_WARN_CONSTANT_CONVERSION = YES;
				CLANG_WARN_DEPRECATED_OBJC_IMPLEMENTATIONS = YES;
				CLANG_WARN_DIRECT_OBJC_ISA_USAGE = YES_ERROR;
				CLANG_WARN_DOCUMENTATION_COMMENTS = YES;
				CLANG_WARN_EMPTY_BODY = YES;
				CLANG_WARN_ENUM_CONVERSION = YES;
				CLANG_WARN_INFINITE_RECURSION = YES;
				CLANG_WARN_INT_CONVERSION = YES;
				CLANG_WARN_NON_LITERAL_NULL_CONVERSION = YES;
				CLANG_WARN_OBJC_IMPLICIT_RETAIN_SELF = YES;
				CLANG_WARN_OBJC_LITERAL_CONVERSION = YES;
				CLANG_WARN_OBJC_ROOT_CLASS = YES_ERROR;
				CLANG_WARN_RANGE_LOOP_ANALYSIS = YES;
				CLANG_WARN_STRICT_PROTOTYPES = YES;
				CLANG_WARN_SUSPICIOUS_MOVE = YES;
				CLANG_WARN_UNGUARDED_AVAILABILITY = YES_AGGRESSIVE;
				CLANG_WARN_UNREACHABLE_CODE = YES;
				CLANG_WARN__DUPLICATE_METHOD_MATCH = YES;
				COPY_PHASE_STRIP = NO;
				DEBUG_INFORMATION_FORMAT = dwarf;
				ENABLE_STRICT_OBJC_MSGSEND = YES;
				ENABLE_TESTABILITY = YES;
				GCC_C_LANGUAGE_STANDARD = gnu11;
				GCC_DYNAMIC_NO_PIC = NO;
				GCC_NO_COMMON_BLOCKS = YES;
				GCC_OPTIMIZATION_LEVEL = 0;
				GCC_PREPROCESSOR_DEFINITIONS = (
					"DEBUG=1",
					"$(inherited)",
				);
				GCC_WARN_64_TO_32_BIT_CONVERSION = YES;
				GCC_WARN_ABOUT_RETURN_TYPE = YES_ERROR;
				GCC_WARN_UNDECLARED_SELECTOR = YES;
				GCC_WARN_UNINITIALIZED_AUTOS = YES_AGGRESSIVE;
				GCC_WARN_UNUSED_FUNCTION = YES;
				GCC_WARN_UNUSED_VARIABLE = YES;
				IPHONEOS_DEPLOYMENT_TARGET = 13.7;
				MTL_ENABLE_DEBUG_INFO = INCLUDE_SOURCE;
				MTL_FAST_MATH = YES;
				ONLY_ACTIVE_ARCH = YES;
				SDKROOT = iphoneos;
				SWIFT_ACTIVE_COMPILATION_CONDITIONS = DEBUG;
				SWIFT_OPTIMIZATION_LEVEL = "-Onone";
			};
			name = Debug;
		};
		8AD1E20D2526D1CB004C52AD /* Release */ = {
			isa = XCBuildConfiguration;
			buildSettings = {
				ALWAYS_SEARCH_USER_PATHS = NO;
				CLANG_ANALYZER_NONNULL = YES;
				CLANG_ANALYZER_NUMBER_OBJECT_CONVERSION = YES_AGGRESSIVE;
				CLANG_CXX_LANGUAGE_STANDARD = "gnu++14";
				CLANG_CXX_LIBRARY = "libc++";
				CLANG_ENABLE_MODULES = YES;
				CLANG_ENABLE_OBJC_ARC = YES;
				CLANG_ENABLE_OBJC_WEAK = YES;
				CLANG_WARN_BLOCK_CAPTURE_AUTORELEASING = YES;
				CLANG_WARN_BOOL_CONVERSION = YES;
				CLANG_WARN_COMMA = YES;
				CLANG_WARN_CONSTANT_CONVERSION = YES;
				CLANG_WARN_DEPRECATED_OBJC_IMPLEMENTATIONS = YES;
				CLANG_WARN_DIRECT_OBJC_ISA_USAGE = YES_ERROR;
				CLANG_WARN_DOCUMENTATION_COMMENTS = YES;
				CLANG_WARN_EMPTY_BODY = YES;
				CLANG_WARN_ENUM_CONVERSION = YES;
				CLANG_WARN_INFINITE_RECURSION = YES;
				CLANG_WARN_INT_CONVERSION = YES;
				CLANG_WARN_NON_LITERAL_NULL_CONVERSION = YES;
				CLANG_WARN_OBJC_IMPLICIT_RETAIN_SELF = YES;
				CLANG_WARN_OBJC_LITERAL_CONVERSION = YES;
				CLANG_WARN_OBJC_ROOT_CLASS = YES_ERROR;
				CLANG_WARN_RANGE_LOOP_ANALYSIS = YES;
				CLANG_WARN_STRICT_PROTOTYPES = YES;
				CLANG_WARN_SUSPICIOUS_MOVE = YES;
				CLANG_WARN_UNGUARDED_AVAILABILITY = YES_AGGRESSIVE;
				CLANG_WARN_UNREACHABLE_CODE = YES;
				CLANG_WARN__DUPLICATE_METHOD_MATCH = YES;
				COPY_PHASE_STRIP = NO;
				DEBUG_INFORMATION_FORMAT = "dwarf-with-dsym";
				ENABLE_NS_ASSERTIONS = NO;
				ENABLE_STRICT_OBJC_MSGSEND = YES;
				GCC_C_LANGUAGE_STANDARD = gnu11;
				GCC_NO_COMMON_BLOCKS = YES;
				GCC_WARN_64_TO_32_BIT_CONVERSION = YES;
				GCC_WARN_ABOUT_RETURN_TYPE = YES_ERROR;
				GCC_WARN_UNDECLARED_SELECTOR = YES;
				GCC_WARN_UNINITIALIZED_AUTOS = YES_AGGRESSIVE;
				GCC_WARN_UNUSED_FUNCTION = YES;
				GCC_WARN_UNUSED_VARIABLE = YES;
				IPHONEOS_DEPLOYMENT_TARGET = 13.7;
				MTL_ENABLE_DEBUG_INFO = NO;
				MTL_FAST_MATH = YES;
				SDKROOT = iphoneos;
				SWIFT_COMPILATION_MODE = wholemodule;
				SWIFT_OPTIMIZATION_LEVEL = "-O";
				VALIDATE_PRODUCT = YES;
			};
			name = Release;
		};
		8AD1E20F2526D1CB004C52AD /* Debug */ = {
			isa = XCBuildConfiguration;
			buildSettings = {
				ASSETCATALOG_COMPILER_APPICON_NAME = AppIcon;
				CODE_SIGN_STYLE = Automatic;
				INFOPLIST_FILE = Parstagram/Info.plist;
				LD_RUNPATH_SEARCH_PATHS = (
					"$(inherited)",
					"@executable_path/Frameworks",
				);
				PRODUCT_BUNDLE_IDENTIFIER = "Jonathan-Wang.Parstagram";
				PRODUCT_NAME = "$(TARGET_NAME)";
				SWIFT_VERSION = 5.0;
				TARGETED_DEVICE_FAMILY = "1,2";
			};
			name = Debug;
		};
		8AD1E2102526D1CB004C52AD /* Release */ = {
			isa = XCBuildConfiguration;
			buildSettings = {
				ASSETCATALOG_COMPILER_APPICON_NAME = AppIcon;
				CODE_SIGN_STYLE = Automatic;
				INFOPLIST_FILE = Parstagram/Info.plist;
				LD_RUNPATH_SEARCH_PATHS = (
					"$(inherited)",
					"@executable_path/Frameworks",
				);
				PRODUCT_BUNDLE_IDENTIFIER = "Jonathan-Wang.Parstagram";
				PRODUCT_NAME = "$(TARGET_NAME)";
				SWIFT_VERSION = 5.0;
				TARGETED_DEVICE_FAMILY = "1,2";
			};
			name = Release;
		};
		8AD1E2122526D1CB004C52AD /* Debug */ = {
			isa = XCBuildConfiguration;
			buildSettings = {
				ALWAYS_EMBED_SWIFT_STANDARD_LIBRARIES = YES;
				BUNDLE_LOADER = "$(TEST_HOST)";
				CODE_SIGN_STYLE = Automatic;
				INFOPLIST_FILE = ParstagramTests/Info.plist;
				IPHONEOS_DEPLOYMENT_TARGET = 13.7;
				LD_RUNPATH_SEARCH_PATHS = (
					"$(inherited)",
					"@executable_path/Frameworks",
					"@loader_path/Frameworks",
				);
				PRODUCT_BUNDLE_IDENTIFIER = "Jonathan-Wang.ParstagramTests";
				PRODUCT_NAME = "$(TARGET_NAME)";
				SWIFT_VERSION = 5.0;
				TARGETED_DEVICE_FAMILY = "1,2";
				TEST_HOST = "$(BUILT_PRODUCTS_DIR)/Parstagram.app/Parstagram";
			};
			name = Debug;
		};
		8AD1E2132526D1CB004C52AD /* Release */ = {
			isa = XCBuildConfiguration;
			buildSettings = {
				ALWAYS_EMBED_SWIFT_STANDARD_LIBRARIES = YES;
				BUNDLE_LOADER = "$(TEST_HOST)";
				CODE_SIGN_STYLE = Automatic;
				INFOPLIST_FILE = ParstagramTests/Info.plist;
				IPHONEOS_DEPLOYMENT_TARGET = 13.7;
				LD_RUNPATH_SEARCH_PATHS = (
					"$(inherited)",
					"@executable_path/Frameworks",
					"@loader_path/Frameworks",
				);
				PRODUCT_BUNDLE_IDENTIFIER = "Jonathan-Wang.ParstagramTests";
				PRODUCT_NAME = "$(TARGET_NAME)";
				SWIFT_VERSION = 5.0;
				TARGETED_DEVICE_FAMILY = "1,2";
				TEST_HOST = "$(BUILT_PRODUCTS_DIR)/Parstagram.app/Parstagram";
			};
			name = Release;
		};
		8AD1E2152526D1CB004C52AD /* Debug */ = {
			isa = XCBuildConfiguration;
			buildSettings = {
				ALWAYS_EMBED_SWIFT_STANDARD_LIBRARIES = YES;
				CODE_SIGN_STYLE = Automatic;
				INFOPLIST_FILE = ParstagramUITests/Info.plist;
				LD_RUNPATH_SEARCH_PATHS = (
					"$(inherited)",
					"@executable_path/Frameworks",
					"@loader_path/Frameworks",
				);
				PRODUCT_BUNDLE_IDENTIFIER = "Jonathan-Wang.ParstagramUITests";
				PRODUCT_NAME = "$(TARGET_NAME)";
				SWIFT_VERSION = 5.0;
				TARGETED_DEVICE_FAMILY = "1,2";
				TEST_TARGET_NAME = Parstagram;
			};
			name = Debug;
		};
		8AD1E2162526D1CB004C52AD /* Release */ = {
			isa = XCBuildConfiguration;
			buildSettings = {
				ALWAYS_EMBED_SWIFT_STANDARD_LIBRARIES = YES;
				CODE_SIGN_STYLE = Automatic;
				INFOPLIST_FILE = ParstagramUITests/Info.plist;
				LD_RUNPATH_SEARCH_PATHS = (
					"$(inherited)",
					"@executable_path/Frameworks",
					"@loader_path/Frameworks",
				);
				PRODUCT_BUNDLE_IDENTIFIER = "Jonathan-Wang.ParstagramUITests";
				PRODUCT_NAME = "$(TARGET_NAME)";
				SWIFT_VERSION = 5.0;
				TARGETED_DEVICE_FAMILY = "1,2";
				TEST_TARGET_NAME = Parstagram;
			};
			name = Release;
		};
/* End XCBuildConfiguration section */

/* Begin XCConfigurationList section */
		8AD1E1DF2526D1C5004C52AD /* Build configuration list for PBXProject "Parstagram" */ = {
			isa = XCConfigurationList;
			buildConfigurations = (
				8AD1E20C2526D1CB004C52AD /* Debug */,
				8AD1E20D2526D1CB004C52AD /* Release */,
			);
			defaultConfigurationIsVisible = 0;
			defaultConfigurationName = Release;
		};
		8AD1E20E2526D1CB004C52AD /* Build configuration list for PBXNativeTarget "Parstagram" */ = {
			isa = XCConfigurationList;
			buildConfigurations = (
				8AD1E20F2526D1CB004C52AD /* Debug */,
				8AD1E2102526D1CB004C52AD /* Release */,
			);
			defaultConfigurationIsVisible = 0;
			defaultConfigurationName = Release;
		};
		8AD1E2112526D1CB004C52AD /* Build configuration list for PBXNativeTarget "ParstagramTests" */ = {
			isa = XCConfigurationList;
			buildConfigurations = (
				8AD1E2122526D1CB004C52AD /* Debug */,
				8AD1E2132526D1CB004C52AD /* Release */,
			);
			defaultConfigurationIsVisible = 0;
			defaultConfigurationName = Release;
		};
		8AD1E2142526D1CB004C52AD /* Build configuration list for PBXNativeTarget "ParstagramUITests" */ = {
			isa = XCConfigurationList;
			buildConfigurations = (
				8AD1E2152526D1CB004C52AD /* Debug */,
				8AD1E2162526D1CB004C52AD /* Release */,
			);
			defaultConfigurationIsVisible = 0;
			defaultConfigurationName = Release;
		};
/* End XCConfigurationList section */
	};
	rootObject = 8AD1E1DC2526D1C5004C52AD /* Project object */;
}
